{
  "name": "@writetome51/array-has",
  "version": "1.0.5",
  "lockfileVersion": 1,
  "requires": true,
  "dependencies": {
    "@writetome51/array-get-adjacent-at": {
      "version": "1.0.1",
      "resolved": "https://registry.npmjs.org/@writetome51/array-get-adjacent-at/-/array-get-adjacent-at-1.0.1.tgz",
      "integrity": "sha512-oecneNlT2Zp3tRA6kibQj6ZE7ubJz2n1rvMu7ko0sOL6BgeupW/5B4BCcUTTw7BPbxbbsLvLapc1WxPA1Pmuvg=="
    },
    "@writetome51/array-get-indexes-basic": {
      "version": "1.0.6",
      "resolved": "https://registry.npmjs.org/@writetome51/array-get-indexes-basic/-/array-get-indexes-basic-1.0.6.tgz",
      "integrity": "sha512-iTrdbp2PR+ZYrIPAo6cpZZ3JwD37erhD0z5OZzEh1DaqhfBullBGzTAgo46RTMz4f/GyJ8EVlEzg7D8MO2QR2Q=="
    },
    "@writetome51/array-get-indexes-intermediate": {
      "version": "1.0.4",
      "resolved": "https://registry.npmjs.org/@writetome51/array-get-indexes-intermediate/-/array-get-indexes-intermediate-1.0.4.tgz",
      "integrity": "sha512-SosT35sRUfn8QnmToHym5ZJ3XVToFEmCFcjsrFB1mhHMeXDdlCsafpjjjd/98G6kOoz45IGFBRSjXGKVJqaGVQ=="
    },
    "@writetome51/arrays-match": {
      "version": "1.0.4",
      "resolved": "https://registry.npmjs.org/@writetome51/arrays-match/-/arrays-match-1.0.4.tgz",
      "integrity": "sha512-lGsKy0igy34c0gggD8KgusyavX+KhQwbEiJvT6VjZ0Wj7eWELFOqzc4qnH5uB0zCn7PdOwAjXQu9XWUabA9Jcg==",
      "requires": {
        "basic-data-handling": "~1.0.13",
        "error-if-values-are-not-arrays": "~1.0.2"
      }
    },
    "basic-data-handling": {
      "version": "1.0.13",
      "resolved": "https://registry.npmjs.org/basic-data-handling/-/basic-data-handling-1.0.13.tgz",
      "integrity": "sha512-YRXUq0keESBb4XXzFAStPYJjviRx6CPPSzT/EfpMOLRfBrhnbBeKD2n+kfZyw2zvjreClf16xPF0tDjiLO+ogw=="
    },
    "error-if-values-are-not-arrays": {
      "version": "1.0.2",
      "resolved": "https://registry.npmjs.org/error-if-values-are-not-arrays/-/error-if-values-are-not-arrays-1.0.2.tgz",
      "integrity": "sha512-HD4BW6LoQpF0aGVIW1UCsY8LLnB+19kGoYs2HaB8CcaBcGw0ed3XnwJTSb/sr8YqLFkhfFO5bsaFB8savUPKsw==",
      "requires": {
        "basic-data-handling": "~1.0.13"
      }
    }
  }
}
